<?xml version="1.0" encoding="utf-8"?>
<Project ToolsVersion="4.0" xmlns="http://schemas.microsoft.com/developer/msbuild/2003">
  <ItemGroup>
    <ClCompile Include="dllmain.cpp" />
  </ItemGroup>
  <ItemGroup>
    <ClInclude Include="Util.h" />
    <ClInclude Include="Struct.h">
      <Filter>Unreal</Filter>
    </ClInclude>
    <ClInclude Include="Enums.h">
      <Filter>Unreal</Filter>
    </ClInclude>
    <ClInclude Include="UE4.h">
      <Filter>Unreal</Filter>
    </ClInclude>
    <ClInclude Include="Hooks.h">
      <Filter>Unreal</Filter>
    </ClInclude>
    <ClInclude Include="Globals.h">
      <Filter>Unreal</Filter>
    </ClInclude>
    <ClInclude Include="Functions.h">
      <Filter>Unreal</Filter>
    </ClInclude>
    <ClInclude Include="NetHooks.h">
      <Filter>Unreal</Filter>
    </ClInclude>
    <ClInclude Include="Beacons.h">
      <Filter>Unreal</Filter>
    </ClInclude>
  </ItemGroup>
  <ItemGroup>
    <Filter Include="Unreal">
      <UniqueIdentifier>{8725c53d-bfe7-47a3-9a88-e3953d4cc949}</UniqueIdentifier>
    </Filter>
  </ItemGroup>
</Project>